{
  "version": 4,
  "terraform_version": "1.13.5",
  "serial": 29,
  "lineage": "1be7f48e-8169-650c-d56b-4c4468a22419",
  "outputs": {
    "bucket_name": {
      "value": "static-assets-7e7ff73e",
      "type": "string"
    },
    "cloud_run_url": {
      "value": "https://php-app-service-fz7gpkilca-uc.a.run.app",
      "type": "string"
    },
    "load_balancer_ip": {
      "value": "34.111.234.35",
      "type": "string"
    }
  },
  "resources": [
    {
      "mode": "managed",
      "type": "google_cloud_run_service_iam_member",
      "name": "public_access",
      "provider": "provider[\"registry.terraform.io/hashicorp/google\"]",
      "instances": [
        {
          "schema_version": 0,
          "attributes": {
            "condition": [],
            "etag": "BwZF2TM5Ma4=",
            "id": "v1/projects/gbeshkov/locations/us-central1/services/php-app-service/roles/run.invoker/allUsers",
            "location": "us-central1",
            "member": "allUsers",
            "project": "gbeshkov",
            "role": "roles/run.invoker",
            "service": "v1/projects/gbeshkov/locations/us-central1/services/php-app-service"
          },
          "sensitive_attributes": [],
          "identity_schema_version": 0,
          "private": "bnVsbA==",
          "dependencies": [
            "google_cloud_run_v2_service.app",
            "google_project_service.apis",
            "module.db.google_sql_database.app_db",
            "module.db.google_sql_database_instance.main",
            "module.db.google_sql_user.app_user",
            "module.db.random_id.db_suffix",
            "time_sleep.wait_for_apis"
          ]
        }
      ]
    },
    {
      "mode": "managed",
      "type": "google_cloud_run_v2_service",
      "name": "app",
      "provider": "provider[\"registry.terraform.io/hashicorp/google\"]",
      "instances": [
        {
          "schema_version": 0,
          "attributes": {
            "annotations": null,
            "binary_authorization": [],
            "client": "",
            "client_version": "",
            "conditions": [
              {
                "execution_reason": "",
                "last_transition_time": "2025-12-13T18:03:42.241502Z",
                "message": "",
                "reason": "",
                "revision_reason": "",
                "severity": "",
                "state": "CONDITION_SUCCEEDED",
                "type": "RoutesReady"
              },
              {
                "execution_reason": "",
                "last_transition_time": "2025-12-13T18:03:32.176320Z",
                "message": "",
                "reason": "",
                "revision_reason": "",
                "severity": "",
                "state": "CONDITION_SUCCEEDED",
                "type": "ConfigurationsReady"
              }
            ],
            "create_time": "2025-12-13T18:03:31.439382Z",
            "creator": "georgi@gbeshkov.iam.gserviceaccount.com",
            "delete_time": "",
            "description": "",
            "etag": "\"CPPU9skGEPDfwdEB/cHJvamVjdHMvZ2Jlc2hrb3YvbG9jYXRpb25zL3VzLWNlbnRyYWwxL3NlcnZpY2VzL3BocC1hcHAtc2VydmljZQ\"",
            "expire_time": "",
            "generation": "1",
            "id": "projects/gbeshkov/locations/us-central1/services/php-app-service",
            "ingress": "INGRESS_TRAFFIC_ALL",
            "labels": null,
            "last_modifier": "georgi@gbeshkov.iam.gserviceaccount.com",
            "latest_created_revision": "projects/gbeshkov/locations/us-central1/services/php-app-service/revisions/php-app-service-00001-cr9",
            "latest_ready_revision": "projects/gbeshkov/locations/us-central1/services/php-app-service/revisions/php-app-service-00001-cr9",
            "launch_stage": "GA",
            "location": "us-central1",
            "name": "php-app-service",
            "observed_generation": "1",
            "project": "gbeshkov",
            "reconciling": false,
            "template": [
              {
                "annotations": null,
                "containers": [
                  {
                    "args": null,
                    "command": null,
                    "env": [
                      {
                        "name": "DB_CONNECTION_NAME",
                        "value": "gbeshkov:us-central1:mysql-instance-8c603d12",
                        "value_source": []
                      },
                      {
                        "name": "DB_USER",
                        "value": "php_user",
                        "value_source": []
                      },
                      {
                        "name": "DB_NAME",
                        "value": "app_db",
                        "value_source": []
                      },
                      {
                        "name": "DB_PASSWORD",
                        "value": "SecurePassword123!",
                        "value_source": []
                      }
                    ],
                    "image": "us-docker.pkg.dev/cloudrun/container/hello",
                    "liveness_probe": [],
                    "name": "",
                    "ports": [
                      {
                        "container_port": 8080,
                        "name": "http1"
                      }
                    ],
                    "resources": [
                      {
                        "cpu_idle": true,
                        "limits": {
                          "cpu": "1000m",
                          "memory": "512Mi"
                        },
                        "startup_cpu_boost": false
                      }
                    ],
                    "startup_probe": [
                      {
                        "failure_threshold": 1,
                        "grpc": [],
                        "http_get": [],
                        "initial_delay_seconds": 0,
                        "period_seconds": 240,
                        "tcp_socket": [
                          {
                            "port": 8080
                          }
                        ],
                        "timeout_seconds": 240
                      }
                    ],
                    "volume_mounts": [
                      {
                        "mount_path": "/cloudsql",
                        "name": "cloudsql"
                      }
                    ],
                    "working_dir": ""
                  }
                ],
                "encryption_key": "",
                "execution_environment": "",
                "labels": null,
                "max_instance_request_concurrency": 80,
                "revision": "",
                "scaling": [
                  {
                    "max_instance_count": 3,
                    "min_instance_count": 0
                  }
                ],
                "service_account": "274871796752-compute@developer.gserviceaccount.com",
                "session_affinity": false,
                "timeout": "300s",
                "volumes": [
                  {
                    "cloud_sql_instance": [
                      {
                        "instances": [
                          "gbeshkov:us-central1:mysql-instance-8c603d12"
                        ]
                      }
                    ],
                    "name": "cloudsql",
                    "secret": []
                  }
                ],
                "vpc_access": []
              }
            ],
            "terminal_condition": [
              {
                "execution_reason": "",
                "last_transition_time": "2025-12-13T18:03:42.278237Z",
                "message": "",
                "reason": "",
                "revision_reason": "",
                "severity": "",
                "state": "CONDITION_SUCCEEDED",
                "type": "Ready"
              }
            ],
            "timeouts": null,
            "traffic": [
              {
                "percent": 100,
                "revision": "",
                "tag": "",
                "type": "TRAFFIC_TARGET_ALLOCATION_TYPE_LATEST"
              }
            ],
            "traffic_statuses": [
              {
                "percent": 100,
                "revision": "",
                "tag": "",
                "type": "TRAFFIC_TARGET_ALLOCATION_TYPE_LATEST",
                "uri": ""
              }
            ],
            "uid": "6f9fce3d-7de5-4107-a811-2b2d33f77a14",
            "update_time": "2025-12-13T18:03:31.439382Z",
            "uri": "https://php-app-service-fz7gpkilca-uc.a.run.app"
          },
          "sensitive_attributes": [
            [
              {
                "type": "get_attr",
                "value": "template"
              },
              {
                "type": "index",
                "value": {
                  "value": 0,
                  "type": "number"
                }
              },
              {
                "type": "get_attr",
                "value": "containers"
              },
              {
                "type": "index",
                "value": {
                  "value": 0,
                  "type": "number"
                }
              },
              {
                "type": "get_attr",
                "value": "env"
              },
              {
                "type": "index",
                "value": {
                  "value": 3,
                  "type": "number"
                }
              },
              {
                "type": "get_attr",
                "value": "value"
              }
            ]
          ],
          "identity_schema_version": 0,
          "private": "eyJlMmJmYjczMC1lY2FhLTExZTYtOGY4OC0zNDM2M2JjN2M0YzAiOnsiY3JlYXRlIjoxMjAwMDAwMDAwMDAwLCJkZWxldGUiOjEyMDAwMDAwMDAwMDAsInVwZGF0ZSI6MTIwMDAwMDAwMDAwMH19",
          "dependencies": [
            "google_project_service.apis",
            "module.db.google_sql_database.app_db",
            "module.db.google_sql_database_instance.main",
            "module.db.google_sql_user.app_user",
            "module.db.random_id.db_suffix",
            "time_sleep.wait_for_apis"
          ]
        }
      ]
    },
    {
      "mode": "managed",
      "type": "google_compute_backend_service",
      "name": "default",
      "provider": "provider[\"registry.terraform.io/hashicorp/google\"]",
      "instances": [
        {
          "schema_version": 1,
          "attributes": {
            "affinity_cookie_ttl_sec": 0,
            "backend": [
              {
                "balancing_mode": "UTILIZATION",
                "capacity_scaler": 1,
                "description": "",
                "group": "https://www.googleapis.com/compute/v1/projects/gbeshkov/regions/us-central1/networkEndpointGroups/app-serverless-neg",
                "max_connections": 0,
                "max_connections_per_endpoint": 0,
                "max_connections_per_instance": 0,
                "max_rate": 0,
                "max_rate_per_endpoint": 0,
                "max_rate_per_instance": 0,
                "max_utilization": 0
              }
            ],
            "cdn_policy": [],
            "circuit_breakers": [],
            "compression_mode": "",
            "connection_draining_timeout_sec": 300,
            "consistent_hash": [],
            "creation_timestamp": "2025-12-13T10:03:52.999-08:00",
            "custom_request_headers": null,
            "custom_response_headers": null,
            "description": "",
            "edge_security_policy": "",
            "enable_cdn": false,
            "fingerprint": "OpU5FCuF4VQ=",
            "generated_id": -1215294361,
            "health_checks": null,
            "iap": [],
            "id": "projects/gbeshkov/global/backendServices/app-backend-service",
            "load_balancing_scheme": "EXTERNAL",
            "locality_lb_policies": [],
            "locality_lb_policy": "",
            "log_config": [],
            "name": "app-backend-service",
            "outlier_detection": [],
            "port_name": "http",
            "project": "gbeshkov",
            "protocol": "HTTP",
            "security_policy": "",
            "security_settings": [],
            "self_link": "https://www.googleapis.com/compute/v1/projects/gbeshkov/global/backendServices/app-backend-service",
            "session_affinity": "NONE",
            "timeout_sec": 30,
            "timeouts": null
          },
          "sensitive_attributes": [],
          "identity_schema_version": 0,
          "private": "eyJlMmJmYjczMC1lY2FhLTExZTYtOGY4OC0zNDM2M2JjN2M0YzAiOnsiY3JlYXRlIjoxMjAwMDAwMDAwMDAwLCJkZWxldGUiOjEyMDAwMDAwMDAwMDAsInVwZGF0ZSI6MTIwMDAwMDAwMDAwMH0sInNjaGVtYV92ZXJzaW9uIjoiMSJ9",
          "dependencies": [
            "google_cloud_run_v2_service.app",
            "google_compute_region_network_endpoint_group.serverless_neg",
            "google_project_service.apis",
            "module.db.google_sql_database.app_db",
            "module.db.google_sql_database_instance.main",
            "module.db.google_sql_user.app_user",
            "module.db.random_id.db_suffix",
            "time_sleep.wait_for_apis"
          ]
        }
      ]
    },
    {
      "mode": "managed",
      "type": "google_compute_global_forwarding_rule",
      "name": "default",
      "provider": "provider[\"registry.terraform.io/hashicorp/google\"]",
      "instances": [
        {
          "schema_version": 0,
          "attributes": {
            "base_forwarding_rule": "",
            "description": "",
            "id": "projects/gbeshkov/global/forwardingRules/app-forwarding-rule",
            "ip_address": "34.111.234.35",
            "ip_protocol": "TCP",
            "ip_version": "",
            "label_fingerprint": "42WmSpB8rSM=",
            "labels": null,
            "load_balancing_scheme": "EXTERNAL",
            "metadata_filters": [],
            "name": "app-forwarding-rule",
            "network": "",
            "no_automate_dns_zone": null,
            "port_range": "80-80",
            "project": "gbeshkov",
            "psc_connection_id": "",
            "psc_connection_status": "",
            "self_link": "https://www.googleapis.com/compute/v1/projects/gbeshkov/global/forwardingRules/app-forwarding-rule",
            "source_ip_ranges": null,
            "subnetwork": "",
            "target": "https://www.googleapis.com/compute/v1/projects/gbeshkov/global/targetHttpProxies/app-http-proxy",
            "timeouts": null
          },
          "sensitive_attributes": [],
          "identity_schema_version": 0,
          "private": "eyJlMmJmYjczMC1lY2FhLTExZTYtOGY4OC0zNDM2M2JjN2M0YzAiOnsiY3JlYXRlIjoxMjAwMDAwMDAwMDAwLCJkZWxldGUiOjEyMDAwMDAwMDAwMDAsInVwZGF0ZSI6MTIwMDAwMDAwMDAwMH19",
          "dependencies": [
            "google_cloud_run_v2_service.app",
            "google_compute_backend_service.default",
            "google_compute_region_network_endpoint_group.serverless_neg",
            "google_compute_target_http_proxy.default",
            "google_compute_url_map.default",
            "google_project_service.apis",
            "module.db.google_sql_database.app_db",
            "module.db.google_sql_database_instance.main",
            "module.db.google_sql_user.app_user",
            "module.db.random_id.db_suffix",
            "time_sleep.wait_for_apis"
          ]
        }
      ]
    },
    {
      "mode": "managed",
      "type": "google_compute_region_network_endpoint_group",
      "name": "serverless_neg",
      "provider": "provider[\"registry.terraform.io/hashicorp/google\"]",
      "instances": [
        {
          "schema_version": 0,
          "attributes": {
            "app_engine": [],
            "cloud_function": [],
            "cloud_run": [
              {
                "service": "php-app-service",
                "tag": "",
                "url_mask": ""
              }
            ],
            "description": "",
            "id": "projects/gbeshkov/regions/us-central1/networkEndpointGroups/app-serverless-neg",
            "name": "app-serverless-neg",
            "network": "",
            "network_endpoint_type": "SERVERLESS",
            "project": "gbeshkov",
            "psc_target_service": "",
            "region": "https://www.googleapis.com/compute/v1/projects/gbeshkov/regions/us-central1",
            "self_link": "https://www.googleapis.com/compute/v1/projects/gbeshkov/regions/us-central1/networkEndpointGroups/app-serverless-neg",
            "subnetwork": "",
            "timeouts": null
          },
          "sensitive_attributes": [],
          "identity_schema_version": 0,
          "private": "eyJlMmJmYjczMC1lY2FhLTExZTYtOGY4OC0zNDM2M2JjN2M0YzAiOnsiY3JlYXRlIjoxMjAwMDAwMDAwMDAwLCJkZWxldGUiOjEyMDAwMDAwMDAwMDB9fQ==",
          "dependencies": [
            "google_cloud_run_v2_service.app",
            "google_project_service.apis",
            "module.db.google_sql_database.app_db",
            "module.db.google_sql_database_instance.main",
            "module.db.google_sql_user.app_user",
            "module.db.random_id.db_suffix",
            "time_sleep.wait_for_apis"
          ]
        }
      ]
    },
    {
      "mode": "managed",
      "type": "google_compute_target_http_proxy",
      "name": "default",
      "provider": "provider[\"registry.terraform.io/hashicorp/google\"]",
      "instances": [
        {
          "schema_version": 0,
          "attributes": {
            "creation_timestamp": "2025-12-13T10:04:38.478-08:00",
            "description": "",
            "http_keep_alive_timeout_sec": 0,
            "id": "projects/gbeshkov/global/targetHttpProxies/app-http-proxy",
            "name": "app-http-proxy",
            "project": "gbeshkov",
            "proxy_bind": false,
            "proxy_id": -1215294375,
            "self_link": "https://www.googleapis.com/compute/v1/projects/gbeshkov/global/targetHttpProxies/app-http-proxy",
            "timeouts": null,
            "url_map": "https://www.googleapis.com/compute/v1/projects/gbeshkov/global/urlMaps/app-url-map"
          },
          "sensitive_attributes": [],
          "identity_schema_version": 0,
          "private": "eyJlMmJmYjczMC1lY2FhLTExZTYtOGY4OC0zNDM2M2JjN2M0YzAiOnsiY3JlYXRlIjoxMjAwMDAwMDAwMDAwLCJkZWxldGUiOjEyMDAwMDAwMDAwMDAsInVwZGF0ZSI6MTIwMDAwMDAwMDAwMH19",
          "dependencies": [
            "google_cloud_run_v2_service.app",
            "google_compute_backend_service.default",
            "google_compute_region_network_endpoint_group.serverless_neg",
            "google_compute_url_map.default",
            "google_project_service.apis",
            "module.db.google_sql_database.app_db",
            "module.db.google_sql_database_instance.main",
            "module.db.google_sql_user.app_user",
            "module.db.random_id.db_suffix",
            "time_sleep.wait_for_apis"
          ]
        }
      ]
    },
    {
      "mode": "managed",
      "type": "google_compute_url_map",
      "name": "default",
      "provider": "provider[\"registry.terraform.io/hashicorp/google\"]",
      "instances": [
        {
          "schema_version": 0,
          "attributes": {
            "creation_timestamp": "2025-12-13T10:04:26.274-08:00",
            "default_route_action": [],
            "default_service": "https://www.googleapis.com/compute/v1/projects/gbeshkov/global/backendServices/app-backend-service",
            "default_url_redirect": [],
            "description": "",
            "fingerprint": "7U4w1XB9Pfw=",
            "header_action": [],
            "host_rule": [],
            "id": "projects/gbeshkov/global/urlMaps/app-url-map",
            "map_id": -1215294395,
            "name": "app-url-map",
            "path_matcher": [],
            "project": "gbeshkov",
            "self_link": "https://www.googleapis.com/compute/v1/projects/gbeshkov/global/urlMaps/app-url-map",
            "test": [],
            "timeouts": null
          },
          "sensitive_attributes": [],
          "identity_schema_version": 0,
          "private": "eyJlMmJmYjczMC1lY2FhLTExZTYtOGY4OC0zNDM2M2JjN2M0YzAiOnsiY3JlYXRlIjoxMjAwMDAwMDAwMDAwLCJkZWxldGUiOjEyMDAwMDAwMDAwMDAsInVwZGF0ZSI6MTIwMDAwMDAwMDAwMH19",
          "dependencies": [
            "google_cloud_run_v2_service.app",
            "google_compute_backend_service.default",
            "google_compute_region_network_endpoint_group.serverless_neg",
            "google_project_service.apis",
            "module.db.google_sql_database.app_db",
            "module.db.google_sql_database_instance.main",
            "module.db.google_sql_user.app_user",
            "module.db.random_id.db_suffix",
            "time_sleep.wait_for_apis"
          ]
        }
      ]
    },
    {
      "mode": "managed",
      "type": "google_project_service",
      "name": "apis",
      "provider": "provider[\"registry.terraform.io/hashicorp/google\"]",
      "instances": [
        {
          "index_key": "compute.googleapis.com",
          "schema_version": 0,
          "attributes": {
            "disable_dependent_services": null,
            "disable_on_destroy": false,
            "id": "gbeshkov/compute.googleapis.com",
            "project": "gbeshkov",
            "service": "compute.googleapis.com",
            "timeouts": null
          },
          "sensitive_attributes": [],
          "identity_schema_version": 0,
          "private": "eyJlMmJmYjczMC1lY2FhLTExZTYtOGY4OC0zNDM2M2JjN2M0YzAiOnsiY3JlYXRlIjoxMjAwMDAwMDAwMDAwLCJkZWxldGUiOjEyMDAwMDAwMDAwMDAsInJlYWQiOjYwMDAwMDAwMDAwMCwidXBkYXRlIjoxMjAwMDAwMDAwMDAwfX0="
        },
        {
          "index_key": "containerregistry.googleapis.com",
          "schema_version": 0,
          "attributes": {
            "disable_dependent_services": null,
            "disable_on_destroy": false,
            "id": "gbeshkov/containerregistry.googleapis.com",
            "project": "gbeshkov",
            "service": "containerregistry.googleapis.com",
            "timeouts": null
          },
          "sensitive_attributes": [],
          "identity_schema_version": 0,
          "private": "eyJlMmJmYjczMC1lY2FhLTExZTYtOGY4OC0zNDM2M2JjN2M0YzAiOnsiY3JlYXRlIjoxMjAwMDAwMDAwMDAwLCJkZWxldGUiOjEyMDAwMDAwMDAwMDAsInJlYWQiOjYwMDAwMDAwMDAwMCwidXBkYXRlIjoxMjAwMDAwMDAwMDAwfX0="
        },
        {
          "index_key": "run.googleapis.com",
          "schema_version": 0,
          "attributes": {
            "disable_dependent_services": null,
            "disable_on_destroy": false,
            "id": "gbeshkov/run.googleapis.com",
            "project": "gbeshkov",
            "service": "run.googleapis.com",
            "timeouts": null
          },
          "sensitive_attributes": [],
          "identity_schema_version": 0,
          "private": "eyJlMmJmYjczMC1lY2FhLTExZTYtOGY4OC0zNDM2M2JjN2M0YzAiOnsiY3JlYXRlIjoxMjAwMDAwMDAwMDAwLCJkZWxldGUiOjEyMDAwMDAwMDAwMDAsInJlYWQiOjYwMDAwMDAwMDAwMCwidXBkYXRlIjoxMjAwMDAwMDAwMDAwfX0="
        },
        {
          "index_key": "sqladmin.googleapis.com",
          "schema_version": 0,
          "attributes": {
            "disable_dependent_services": null,
            "disable_on_destroy": false,
            "id": "gbeshkov/sqladmin.googleapis.com",
            "project": "gbeshkov",
            "service": "sqladmin.googleapis.com",
            "timeouts": null
          },
          "sensitive_attributes": [],
          "identity_schema_version": 0,
          "private": "eyJlMmJmYjczMC1lY2FhLTExZTYtOGY4OC0zNDM2M2JjN2M0YzAiOnsiY3JlYXRlIjoxMjAwMDAwMDAwMDAwLCJkZWxldGUiOjEyMDAwMDAwMDAwMDAsInJlYWQiOjYwMDAwMDAwMDAwMCwidXBkYXRlIjoxMjAwMDAwMDAwMDAwfX0="
        }
      ]
    },
    {
      "mode": "managed",
      "type": "google_storage_bucket",
      "name": "static_assets",
      "provider": "provider[\"registry.terraform.io/hashicorp/google\"]",
      "instances": [
        {
          "schema_version": 0,
          "attributes": {
            "autoclass": [],
            "cors": [],
            "custom_placement_config": [],
            "default_event_based_hold": false,
            "encryption": [],
            "force_destroy": true,
            "id": "static-assets-7e7ff73e",
            "labels": {},
            "lifecycle_rule": [],
            "location": "US-CENTRAL1",
            "logging": [],
            "name": "static-assets-7e7ff73e",
            "project": "gbeshkov",
            "public_access_prevention": "inherited",
            "requester_pays": false,
            "retention_policy": [],
            "self_link": "https://www.googleapis.com/storage/v1/b/static-assets-7e7ff73e",
            "soft_delete_policy": [
              {
                "effective_time": "2025-12-13T17:36:44.249Z",
                "retention_duration_seconds": 604800
              }
            ],
            "storage_class": "STANDARD",
            "timeouts": null,
            "uniform_bucket_level_access": true,
            "url": "gs://static-assets-7e7ff73e",
            "versioning": [],
            "website": []
          },
          "sensitive_attributes": [],
          "identity_schema_version": 0,
          "private": "eyJlMmJmYjczMC1lY2FhLTExZTYtOGY4OC0zNDM2M2JjN2M0YzAiOnsiY3JlYXRlIjo2MDAwMDAwMDAwMDAsInJlYWQiOjI0MDAwMDAwMDAwMCwidXBkYXRlIjoyNDAwMDAwMDAwMDB9fQ==",
          "dependencies": [
            "random_id.bucket_suffix"
          ]
        }
      ]
    },
    {
      "mode": "managed",
      "type": "google_storage_bucket_iam_member",
      "name": "public_rule",
      "provider": "provider[\"registry.terraform.io/hashicorp/google\"]",
      "instances": [
        {
          "schema_version": 0,
          "attributes": {
            "bucket": "b/static-assets-7e7ff73e",
            "condition": [],
            "etag": "CAI=",
            "id": "b/static-assets-7e7ff73e/roles/storage.objectViewer/allUsers",
            "member": "allUsers",
            "role": "roles/storage.objectViewer"
          },
          "sensitive_attributes": [],
          "identity_schema_version": 0,
          "private": "bnVsbA==",
          "dependencies": [
            "google_storage_bucket.static_assets",
            "random_id.bucket_suffix"
          ]
        }
      ]
    },
    {
      "mode": "managed",
      "type": "random_id",
      "name": "bucket_suffix",
      "provider": "provider[\"registry.terraform.io/hashicorp/random\"]",
      "instances": [
        {
          "schema_version": 0,
          "attributes": {
            "b64_std": "fn/3Pg==",
            "b64_url": "fn_3Pg",
            "byte_length": 4,
            "dec": "2122315582",
            "hex": "7e7ff73e",
            "id": "fn_3Pg",
            "keepers": null,
            "prefix": null
          },
          "sensitive_attributes": [],
          "identity_schema_version": 0
        }
      ]
    },
    {
      "mode": "managed",
      "type": "time_sleep",
      "name": "wait_for_apis",
      "provider": "provider[\"registry.terraform.io/hashicorp/time\"]",
      "instances": [
        {
          "schema_version": 0,
          "attributes": {
            "create_duration": "30s",
            "destroy_duration": null,
            "id": "2025-12-13T17:48:32Z",
            "triggers": null
          },
          "sensitive_attributes": [],
          "identity_schema_version": 0,
          "dependencies": [
            "google_project_service.apis"
          ]
        }
      ]
    },
    {
      "module": "module.db",
      "mode": "managed",
      "type": "google_sql_database",
      "name": "app_db",
      "provider": "provider[\"registry.terraform.io/hashicorp/google\"]",
      "instances": [
        {
          "schema_version": 0,
          "attributes": {
            "charset": "utf8mb4",
            "collation": "utf8mb4_0900_ai_ci",
            "deletion_policy": "DELETE",
            "id": "projects/gbeshkov/instances/mysql-instance-8c603d12/databases/app_db",
            "instance": "mysql-instance-8c603d12",
            "name": "app_db",
            "project": "gbeshkov",
            "self_link": "https://sqladmin.googleapis.com/sql/v1beta4/projects/gbeshkov/instances/mysql-instance-8c603d12/databases/app_db",
            "timeouts": null
          },
          "sensitive_attributes": [],
          "identity_schema_version": 0,
          "private": "eyJlMmJmYjczMC1lY2FhLTExZTYtOGY4OC0zNDM2M2JjN2M0YzAiOnsiY3JlYXRlIjoxMjAwMDAwMDAwMDAwLCJkZWxldGUiOjEyMDAwMDAwMDAwMDAsInVwZGF0ZSI6MTIwMDAwMDAwMDAwMH19",
          "dependencies": [
            "google_project_service.apis",
            "module.db.google_sql_database_instance.main",
            "module.db.random_id.db_suffix",
            "time_sleep.wait_for_apis"
          ]
        }
      ]
    },
    {
      "module": "module.db",
      "mode": "managed",
      "type": "google_sql_database_instance",
      "name": "main",
      "provider": "provider[\"registry.terraform.io/hashicorp/google\"]",
      "instances": [
        {
          "schema_version": 0,
          "attributes": {
            "available_maintenance_versions": [],
            "clone": [],
            "connection_name": "gbeshkov:us-central1:mysql-instance-8c603d12",
            "database_version": "MYSQL_8_0",
            "deletion_protection": true,
            "dns_name": "",
            "encryption_key_name": null,
            "first_ip_address": "34.9.137.97",
            "id": "mysql-instance-8c603d12",
            "instance_type": "CLOUD_SQL_INSTANCE",
            "ip_address": [
              {
                "ip_address": "34.9.137.97",
                "time_to_retire": "",
                "type": "PRIMARY"
              }
            ],
            "maintenance_version": "MYSQL_8_0_41.R20251004.01_24",
            "master_instance_name": "",
            "name": "mysql-instance-8c603d12",
            "private_ip_address": "",
            "project": "gbeshkov",
            "psc_service_attachment_link": "",
            "public_ip_address": "34.9.137.97",
            "region": "us-central1",
            "replica_configuration": [],
            "restore_backup_context": [],
            "root_password": null,
            "self_link": "https://sqladmin.googleapis.com/sql/v1beta4/projects/gbeshkov/instances/mysql-instance-8c603d12",
            "server_ca_cert": [
              {
                "cert": "-----BEGIN CERTIFICATE-----\nMIIDfzCCAmegAwIBAgIBADANBgkqhkiG9w0BAQsFADB3MS0wKwYDVQQuEyQzNWE3\nYzBmNS1lNGZmLTQ1MmMtYTM3OC1jMzZmMTZlZDE0ZmQxIzAhBgNVBAMTGkdvb2ds\nZSBDbG91ZCBTUUwgU2VydmVyIENBMRQwEgYDVQQKEwtHb29nbGUsIEluYzELMAkG\nA1UEBhMCVVMwHhcNMjUxMjEzMTc0OTA3WhcNMzUxMjExMTc1MDA3WjB3MS0wKwYD\nVQQuEyQzNWE3YzBmNS1lNGZmLTQ1MmMtYTM3OC1jMzZmMTZlZDE0ZmQxIzAhBgNV\nBAMTGkdvb2dsZSBDbG91ZCBTUUwgU2VydmVyIENBMRQwEgYDVQQKEwtHb29nbGUs\nIEluYzELMAkGA1UEBhMCVVMwggEiMA0GCSqGSIb3DQEBAQUAA4IBDwAwggEKAoIB\nAQDFtk+pr2V7/ysdcfHYne4ms+C6mbW1Of/oJjdceVi6mS+To0pgZJy2/CgcfaZe\nFjfTNs++trCaVnsW/X2kRMhV9ivSyZd5fNUnX19pUSPrCdjrEd0TS+1BAW7747+E\ngv1NhYQcFvmcK6JUqwnY47vYoMFEaK5ZpgFQeGyrO7cAZXsoxm+Wt5yOnfk7HWHc\nJB1bdcpUUA2jCNd0vBloYOUx5UqO6jqgU4tcMzDomoA1uV2MMxWUJ6Au0v3nkhEK\nyOJF2ED+TD5Os+gqiPEudtIEXremWu+QwMTr2l++C4A/BzZs5Ren+RGB575CgP/u\nAlcWfM/cHvGgM6OS9LxGPUktAgMBAAGjFjAUMBIGA1UdEwEB/wQIMAYBAf8CAQAw\nDQYJKoZIhvcNAQELBQADggEBAGHYnQvUJGiklrs5xf1pYHMRKK+D9NNjq24j/5Nx\nNmJh+tYliIGpPU5rWXqxCMoWcV3VT77yXg3xHds9N2WQcCli2cjK/LgVMwhjGRvJ\ndhnzyEDoWC/prlrvKKT3K1YcayPj7zG1yyGNcD1V2RNfdPwdyUZt3WPMsraEC9sx\nZfQoNahlMdkdM9ph8z/n9H0h44UTB7Ml495qA8vWmM1mxmTNjUGv0UtCCAw0t78Z\na8ob5Ge9GcwcRRRC9m+DChQmFh8pOfKjsztUGvvhHIaqShx9NuECBaR6YzHpSW5I\n0t/2uf6mx7BZALTSEaHbZ38JKlyuv/gC+nrC8VEGWz6lgpg=\n-----END CERTIFICATE-----",
                "common_name": "C=US,O=Google\\, Inc,CN=Google Cloud SQL Server CA,dnQualifier=35a7c0f5-e4ff-452c-a378-c36f16ed14fd",
                "create_time": "2025-12-13T17:49:07.912Z",
                "expiration_time": "2035-12-11T17:50:07.912Z",
                "sha1_fingerprint": "5d151fe0d69b08ba0159f292539057d120c3019f"
              }
            ],
            "service_account_email_address": "p274871796752-r4rhvg@gcp-sa-cloud-sql.iam.gserviceaccount.com",
            "settings": [
              {
                "activation_policy": "ALWAYS",
                "active_directory_config": [],
                "advanced_machine_features": [],
                "availability_type": "ZONAL",
                "backup_configuration": [
                  {
                    "backup_retention_settings": [
                      {
                        "retained_backups": 7,
                        "retention_unit": "COUNT"
                      }
                    ],
                    "binary_log_enabled": false,
                    "enabled": false,
                    "location": "",
                    "point_in_time_recovery_enabled": false,
                    "start_time": "18:00",
                    "transaction_log_retention_days": 7
                  }
                ],
                "collation": "",
                "connector_enforcement": "NOT_REQUIRED",
                "data_cache_config": [],
                "database_flags": [],
                "deletion_protection_enabled": false,
                "deny_maintenance_period": [],
                "disk_autoresize": true,
                "disk_autoresize_limit": 0,
                "disk_size": 10,
                "disk_type": "PD_SSD",
                "edition": "",
                "insights_config": [],
                "ip_configuration": [
                  {
                    "allocated_ip_range": "",
                    "authorized_networks": [
                      {
                        "expiration_time": "",
                        "name": "all",
                        "value": "0.0.0.0/0"
                      }
                    ],
                    "enable_private_path_for_google_cloud_services": false,
                    "ipv4_enabled": true,
                    "private_network": "",
                    "psc_config": [],
                    "require_ssl": false
                  }
                ],
                "location_preference": [
                  {
                    "follow_gae_application": "",
                    "secondary_zone": "",
                    "zone": "us-central1-c"
                  }
                ],
                "maintenance_window": [],
                "password_validation_policy": [],
                "pricing_plan": "PER_USE",
                "sql_server_audit_config": [],
                "tier": "db-f1-micro",
                "time_zone": "",
                "user_labels": {},
                "version": 1
              }
            ],
            "timeouts": null
          },
          "sensitive_attributes": [
            [
              {
                "type": "get_attr",
                "value": "root_password"
              }
            ]
          ],
          "identity_schema_version": 0,
          "private": "eyJlMmJmYjczMC1lY2FhLTExZTYtOGY4OC0zNDM2M2JjN2M0YzAiOnsiY3JlYXRlIjoyNDAwMDAwMDAwMDAwLCJkZWxldGUiOjE4MDAwMDAwMDAwMDAsInVwZGF0ZSI6MTgwMDAwMDAwMDAwMH19",
          "dependencies": [
            "google_project_service.apis",
            "module.db.random_id.db_suffix",
            "time_sleep.wait_for_apis"
          ]
        }
      ]
    },
    {
      "module": "module.db",
      "mode": "managed",
      "type": "google_sql_user",
      "name": "app_user",
      "provider": "provider[\"registry.terraform.io/hashicorp/google\"]",
      "instances": [
        {
          "schema_version": 1,
          "attributes": {
            "deletion_policy": null,
            "host": "",
            "id": "php_user//mysql-instance-8c603d12",
            "instance": "mysql-instance-8c603d12",
            "name": "php_user",
            "password": "SecurePassword123!",
            "password_policy": [],
            "project": "gbeshkov",
            "sql_server_user_details": [],
            "timeouts": null,
            "type": ""
          },
          "sensitive_attributes": [
            [
              {
                "type": "get_attr",
                "value": "password"
              }
            ]
          ],
          "identity_schema_version": 0,
          "private": "eyJlMmJmYjczMC1lY2FhLTExZTYtOGY4OC0zNDM2M2JjN2M0YzAiOnsiY3JlYXRlIjo2MDAwMDAwMDAwMDAsImRlbGV0ZSI6NjAwMDAwMDAwMDAwLCJ1cGRhdGUiOjYwMDAwMDAwMDAwMH0sInNjaGVtYV92ZXJzaW9uIjoiMSJ9",
          "dependencies": [
            "google_project_service.apis",
            "module.db.google_sql_database_instance.main",
            "module.db.random_id.db_suffix",
            "time_sleep.wait_for_apis"
          ]
        }
      ]
    },
    {
      "module": "module.db",
      "mode": "managed",
      "type": "random_id",
      "name": "db_suffix",
      "provider": "provider[\"registry.terraform.io/hashicorp/random\"]",
      "instances": [
        {
          "schema_version": 0,
          "attributes": {
            "b64_std": "jGA9Eg==",
            "b64_url": "jGA9Eg",
            "byte_length": 4,
            "dec": "2355117330",
            "hex": "8c603d12",
            "id": "jGA9Eg",
            "keepers": null,
            "prefix": null
          },
          "sensitive_attributes": [],
          "identity_schema_version": 0,
          "dependencies": [
            "google_project_service.apis",
            "time_sleep.wait_for_apis"
          ]
        }
      ]
    }
  ],
  "check_results": null
}
